// !$*UTF8*$!
{
	archiveVersion = 1;
	classes = {
	};
	objectVersion = 46;
	objects = {

/* Begin PBXBuildFile section */
		0C4B238814598AD20080D960 /* InfoPlist.strings in Resources */ = {isa = PBXBuildFile; fileRef = 0C4B238614598AD20080D960 /* InfoPlist.strings */; };
		848A3B5E195BD6DF00FEC26D /* remove.txt in Resources */ = {isa = PBXBuildFile; fileRef = 848A3B5D195BD6DF00FEC26D /* remove.txt */; };
		849921901600F4FC00CCDF3B /* ACPIDebug.cpp in Sources */ = {isa = PBXBuildFile; fileRef = 8499218E1600F4FC00CCDF3B /* ACPIDebug.cpp */; };
		849921911600F4FC00CCDF3B /* ACPIDebug.h in Headers */ = {isa = PBXBuildFile; fileRef = 8499218F1600F4FC00CCDF3B /* ACPIDebug.h */; };
		84C56F4C180DEF3100775290 /* License.md in Resources */ = {isa = PBXBuildFile; fileRef = 84C56F4A180DEF3100775290 /* License.md */; };
		84C56F4D180DEF3100775290 /* README in Resources */ = {isa = PBXBuildFile; fileRef = 84C56F4B180DEF3100775290 /* README */; };
		84C56F4F180DF04900775290 /* .maciasl in Resources */ = {isa = PBXBuildFile; fileRef = 84C56F4E180DF04900775290 /* .maciasl */; };
/* End PBXBuildFile section */

/* Begin PBXFileReference section */
		0C4B237E14598AD20080D960 /* ACPIDebug.kext */ = {isa = PBXFileReference; explicitFileType = wrapper.cfbundle; includeInIndex = 0; path = ACPIDebug.kext; sourceTree = BUILT_PRODUCTS_DIR; };
		0C4B238214598AD20080D960 /* Kernel.framework */ = {isa = PBXFileReference; lastKnownFileType = wrapper.framework; name = Kernel.framework; path = System/Library/Frameworks/Kernel.framework; sourceTree = SDKROOT; };
		0C4B238514598AD20080D960 /* ACPIDebug-Info.plist */ = {isa = PBXFileReference; lastKnownFileType = text.plist.xml; path = "ACPIDebug-Info.plist"; sourceTree = "<group>"; };
		0C4B238714598AD20080D960 /* en */ = {isa = PBXFileReference; lastKnownFileType = text.plist.strings; name = en; path = en.lproj/InfoPlist.strings; sourceTree = "<group>"; };
		0C4B238D14598AD20080D960 /* ACPIDebug-Prefix.pch */ = {isa = PBXFileReference; lastKnownFileType = sourcecode.c.h; lineEnding = 0; path = "ACPIDebug-Prefix.pch"; sourceTree = "<group>"; xcLanguageSpecificationIdentifier = xcode.lang.objc; };
		844778DD16E7FD2100B27895 /* makefile */ = {isa = PBXFileReference; lastKnownFileType = sourcecode.make; lineEnding = 0; path = makefile; sourceTree = SOURCE_ROOT; usesTabs = 1; };
		846754971829A75D004F3392 /* debug_extern.txt */ = {isa = PBXFileReference; fileEncoding = 4; lastKnownFileType = text; path = debug_extern.txt; sourceTree = "<group>"; };
		848A3B5D195BD6DF00FEC26D /* remove.txt */ = {isa = PBXFileReference; fileEncoding = 4; lastKnownFileType = text; path = remove.txt; sourceTree = "<group>"; };
		8499218E1600F4FC00CCDF3B /* ACPIDebug.cpp */ = {isa = PBXFileReference; fileEncoding = 4; lastKnownFileType = sourcecode.cpp.cpp; lineEnding = 0; path = ACPIDebug.cpp; sourceTree = "<group>"; xcLanguageSpecificationIdentifier = xcode.lang.cpp; };
		8499218F1600F4FC00CCDF3B /* ACPIDebug.h */ = {isa = PBXFileReference; fileEncoding = 4; lastKnownFileType = sourcecode.c.h; lineEnding = 0; path = ACPIDebug.h; sourceTree = "<group>"; xcLanguageSpecificationIdentifier = xcode.lang.objcpp; };
		84C56F48180DEF1400775290 /* debug.txt */ = {isa = PBXFileReference; fileEncoding = 4; lastKnownFileType = text; path = debug.txt; sourceTree = "<group>"; };
		84C56F4A180DEF3100775290 /* License.md */ = {isa = PBXFileReference; fileEncoding = 4; lastKnownFileType = text; path = License.md; sourceTree = "<group>"; };
		84C56F4B180DEF3100775290 /* README */ = {isa = PBXFileReference; fileEncoding = 4; lastKnownFileType = text; path = README; sourceTree = "<group>"; };
		84C56F4E180DF04900775290 /* .maciasl */ = {isa = PBXFileReference; fileEncoding = 4; lastKnownFileType = text; path = .maciasl; sourceTree = "<group>"; usesTabs = 1; };
		84FFE84419210C0A00A1976E /* instrument_WAK_PTS.txt */ = {isa = PBXFileReference; fileEncoding = 4; lastKnownFileType = text; path = instrument_WAK_PTS.txt; sourceTree = "<group>"; };
		84FFE84619210C7F00A1976E /* instrument_Qxx.txt */ = {isa = PBXFileReference; fileEncoding = 4; lastKnownFileType = text; path = instrument_Qxx.txt; sourceTree = "<group>"; };
		84FFE84819210C8B00A1976E /* instrument_Lxx.txt */ = {isa = PBXFileReference; fileEncoding = 4; lastKnownFileType = text; path = instrument_Lxx.txt; sourceTree = "<group>"; };
		84FFE84A19210CE000A1976E /* instrument.sh */ = {isa = PBXFileReference; fileEncoding = 4; lastKnownFileType = text.script.sh; path = instrument.sh; sourceTree = "<group>"; };
/* End PBXFileReference section */

/* Begin PBXFrameworksBuildPhase section */
		0C4B237914598AD20080D960 /* Frameworks */ = {
			isa = PBXFrameworksBuildPhase;
			buildActionMask = 2147483647;
			files = (
			);
			runOnlyForDeploymentPostprocessing = 0;
		};
/* End PBXFrameworksBuildPhase section */

/* Begin PBXGroup section */
		0C4B237114598AD10080D960 = {
			isa = PBXGroup;
			children = (
				844778DD16E7FD2100B27895 /* makefile */,
				84C56F4A180DEF3100775290 /* License.md */,
				84C56F4B180DEF3100775290 /* README */,
				840D2E84180DF09D004F6FB9 /* DSDT */,
				0C4B238314598AD20080D960 /* ACPIDebug */,
				0C4B238014598AD20080D960 /* Frameworks */,
				0C4B237F14598AD20080D960 /* Products */,
			);
			sourceTree = "<group>";
		};
		0C4B237F14598AD20080D960 /* Products */ = {
			isa = PBXGroup;
			children = (
				0C4B237E14598AD20080D960 /* ACPIDebug.kext */,
			);
			name = Products;
			sourceTree = "<group>";
		};
		0C4B238014598AD20080D960 /* Frameworks */ = {
			isa = PBXGroup;
			children = (
				0C4B238114598AD20080D960 /* Other Frameworks */,
			);
			name = Frameworks;
			sourceTree = "<group>";
		};
		0C4B238114598AD20080D960 /* Other Frameworks */ = {
			isa = PBXGroup;
			children = (
				0C4B238214598AD20080D960 /* Kernel.framework */,
			);
			name = "Other Frameworks";
			sourceTree = "<group>";
		};
		0C4B238314598AD20080D960 /* ACPIDebug */ = {
			isa = PBXGroup;
			children = (
				8499218F1600F4FC00CCDF3B /* ACPIDebug.h */,
				8499218E1600F4FC00CCDF3B /* ACPIDebug.cpp */,
				0C4B238414598AD20080D960 /* Supporting Files */,
			);
			path = ACPIDebug;
			sourceTree = "<group>";
		};
		0C4B238414598AD20080D960 /* Supporting Files */ = {
			isa = PBXGroup;
			children = (
				0C4B238514598AD20080D960 /* ACPIDebug-Info.plist */,
				0C4B238614598AD20080D960 /* InfoPlist.strings */,
				0C4B238D14598AD20080D960 /* ACPIDebug-Prefix.pch */,
			);
			name = "Supporting Files";
			sourceTree = "<group>";
		};
		840D2E84180DF09D004F6FB9 /* DSDT */ = {
			isa = PBXGroup;
			children = (
				84FFE84A19210CE000A1976E /* instrument.sh */,
				84C56F4E180DF04900775290 /* .maciasl */,
				84C56F48180DEF1400775290 /* debug.txt */,
				846754971829A75D004F3392 /* debug_extern.txt */,
				84FFE84419210C0A00A1976E /* instrument_WAK_PTS.txt */,
				84FFE84619210C7F00A1976E /* instrument_Qxx.txt */,
				84FFE84819210C8B00A1976E /* instrument_Lxx.txt */,
				848A3B5D195BD6DF00FEC26D /* remove.txt */,
			);
			name = DSDT;
			sourceTree = "<group>";
		};
/* End PBXGroup section */

/* Begin PBXHeadersBuildPhase section */
		0C4B237A14598AD20080D960 /* Headers */ = {
			isa = PBXHeadersBuildPhase;
			buildActionMask = 2147483647;
			files = (
				849921911600F4FC00CCDF3B /* ACPIDebug.h in Headers */,
			);
			runOnlyForDeploymentPostprocessing = 0;
		};
/* End PBXHeadersBuildPhase section */

/* Begin PBXNativeTarget section */
		0C4B237D14598AD20080D960 /* ACPIDebug */ = {
			isa = PBXNativeTarget;
			buildConfigurationList = 0C4B239014598AD20080D960 /* Build configuration list for PBXNativeTarget "ACPIDebug" */;
			buildPhases = (
				0C4B237814598AD20080D960 /* Sources */,
				0C4B237914598AD20080D960 /* Frameworks */,
				0C4B237A14598AD20080D960 /* Headers */,
				0C4B237B14598AD20080D960 /* Resources */,
				0C4B237C14598AD20080D960 /* Rez */,
			);
			buildRules = (
			);
			dependencies = (
			);
			name = ACPIDebug;
			productName = ACPIDebug;
			productReference = 0C4B237E14598AD20080D960 /* ACPIDebug.kext */;
			productType = "com.apple.product-type.kernel-extension";
		};
/* End PBXNativeTarget section */

/* Begin PBXProject section */
		0C4B237314598AD10080D960 /* Project object */ = {
			isa = PBXProject;
			attributes = {
				LastUpgradeCheck = 0500;
			};
			buildConfigurationList = 0C4B237614598AD10080D960 /* Build configuration list for PBXProject "ACPIDebug" */;
			compatibilityVersion = "Xcode 3.2";
			developmentRegion = English;
			hasScannedForEncodings = 0;
			knownRegions = (
				en,
			);
			mainGroup = 0C4B237114598AD10080D960;
			productRefGroup = 0C4B237F14598AD20080D960 /* Products */;
			projectDirPath = "";
			projectRoot = "";
			targets = (
				0C4B237D14598AD20080D960 /* ACPIDebug */,
			);
		};
/* End PBXProject section */

/* Begin PBXResourcesBuildPhase section */
		0C4B237B14598AD20080D960 /* Resources */ = {
			isa = PBXResourcesBuildPhase;
			buildActionMask = 2147483647;
			files = (
				84C56F4F180DF04900775290 /* .maciasl in Resources */,
				84C56F4D180DEF3100775290 /* README in Resources */,
				0C4B238814598AD20080D960 /* InfoPlist.strings in Resources */,
				84C56F4C180DEF3100775290 /* License.md in Resources */,
				848A3B5E195BD6DF00FEC26D /* remove.txt in Resources */,
			);
			runOnlyForDeploymentPostprocessing = 0;
		};
/* End PBXResourcesBuildPhase section */

/* Begin PBXRezBuildPhase section */
		0C4B237C14598AD20080D960 /* Rez */ = {
			isa = PBXRezBuildPhase;
			buildActionMask = 2147483647;
			files = (
			);
			runOnlyForDeploymentPostprocessing = 0;
		};
/* End PBXRezBuildPhase section */

/* Begin PBXSourcesBuildPhase section */
		0C4B237814598AD20080D960 /* Sources */ = {
			isa = PBXSourcesBuildPhase;
			buildActionMask = 2147483647;
			files = (
				849921901600F4FC00CCDF3B /* ACPIDebug.cpp in Sources */,
			);
			runOnlyForDeploymentPostprocessing = 0;
		};
/* End PBXSourcesBuildPhase section */

/* Begin PBXVariantGroup section */
		0C4B238614598AD20080D960 /* InfoPlist.strings */ = {
			isa = PBXVariantGroup;
			children = (
				0C4B238714598AD20080D960 /* en */,
			);
			name = InfoPlist.strings;
			path = ..;
			sourceTree = "<group>";
		};
/* End PBXVariantGroup section */

/* Begin XCBuildConfiguration section */
		0C4B238E14598AD20080D960 /* Debug */ = {
			isa = XCBuildConfiguration;
			buildSettings = {
				ALWAYS_SEARCH_USER_PATHS = NO;
				ARCHS = "$(ARCHS_STANDARD_64_BIT)";
				DEBUG_INFORMATION_FORMAT = "dwarf-with-dsym";
				DEPLOYMENT_POSTPROCESSING = YES;
				GCC_INLINES_ARE_PRIVATE_EXTERN = YES;
				GCC_PREPROCESSOR_DEFINITIONS = (
					"DEBUG=1",
					"DEBUG_MSG=1",
					"$(inherited)",
				);
				GCC_SYMBOLS_PRIVATE_EXTERN = YES;
				GCC_WARN_64_TO_32_BIT_CONVERSION = YES;
				GCC_WARN_ABOUT_MISSING_PROTOTYPES = YES;
				GCC_WARN_ABOUT_RETURN_TYPE = YES;
				GCC_WARN_UNUSED_VARIABLE = YES;
				LLVM_LTO = NO;
				"LLVM_LTO[arch=x86_64]" = YES;
				MACOSX_DEPLOYMENT_TARGET = 10.6;
				OTHER_CFLAGS = "-fno-stack-protector";
				"OTHER_LDFLAGS[arch=x86_64]" = "-dead_strip";
				SDKROOT = macosx10.8;
				STRIP_STYLE = "non-global";
			};
			name = Debug;
		};
		0C4B238F14598AD20080D960 /* Release */ = {
			isa = XCBuildConfiguration;
			buildSettings = {
				ALWAYS_SEARCH_USER_PATHS = NO;
				ARCHS = "$(ARCHS_STANDARD_64_BIT)";
				DEBUG_INFORMATION_FORMAT = "dwarf-with-dsym";
				DEPLOYMENT_POSTPROCESSING = YES;
				GCC_INLINES_ARE_PRIVATE_EXTERN = YES;
				GCC_SYMBOLS_PRIVATE_EXTERN = YES;
				GCC_WARN_64_TO_32_BIT_CONVERSION = YES;
				GCC_WARN_ABOUT_MISSING_PROTOTYPES = YES;
				GCC_WARN_ABOUT_RETURN_TYPE = YES;
				GCC_WARN_UNUSED_VARIABLE = YES;
				LLVM_LTO = NO;
				"LLVM_LTO[arch=x86_64]" = YES;
				MACOSX_DEPLOYMENT_TARGET = 10.6;
				OTHER_CFLAGS = "-fno-stack-protector";
				"OTHER_LDFLAGS[arch=x86_64]" = "-dead_strip";
				SDKROOT = macosx10.8;
				STRIP_STYLE = "non-global";
			};
			name = Release;
		};
		0C4B239114598AD20080D960 /* Debug */ = {
			isa = XCBuildConfiguration;
			buildSettings = {
				COMBINE_HIDPI_IMAGES = YES;
				CURRENT_PROJECT_VERSION = 1.0.0d1;
				GCC_PRECOMPILE_PREFIX_HEADER = YES;
				GCC_PREFIX_HEADER = "ACPIDebug/ACPIDebug-Prefix.pch";
				INFOPLIST_FILE = "ACPIDebug/ACPIDebug-Info.plist";
				MODULE_NAME = com.rehabman.driver.ACPIDebug;
				MODULE_VERSION = 1.0.0d1;
				PRODUCT_NAME = ACPIDebug;
				STRIP_INSTALLED_PRODUCT = YES;
			};
			name = Debug;
		};
		0C4B239214598AD20080D960 /* Release */ = {
			isa = XCBuildConfiguration;
			buildSettings = {
				COMBINE_HIDPI_IMAGES = YES;
				CURRENT_PROJECT_VERSION = 1.0.0d1;
				GCC_PRECOMPILE_PREFIX_HEADER = YES;
				GCC_PREFIX_HEADER = "ACPIDebug/ACPIDebug-Prefix.pch";
				INFOPLIST_FILE = "ACPIDebug/ACPIDebug-Info.plist";
				MODULE_NAME = com.rehabman.driver.ACPIDebug;
				MODULE_VERSION = 1.0.0d1;
				PRODUCT_NAME = ACPIDebug;
				STRIP_INSTALLED_PRODUCT = YES;
			};
			name = Release;
		};
/* End XCBuildConfiguration section */

/* Begin XCConfigurationList section */
		0C4B237614598AD10080D960 /* Build configuration list for PBXProject "ACPIDebug" */ = {
			isa = XCConfigurationList;
			buildConfigurations = (
				0C4B238E14598AD20080D960 /* Debug */,
				0C4B238F14598AD20080D960 /* Release */,
			);
			defaultConfigurationIsVisible = 0;
			defaultConfigurationName = Release;
		};
		0C4B239014598AD20080D960 /* Build configuration list for PBXNativeTarget "ACPIDebug" */ = {
			isa = XCConfigurationList;
			buildConfigurations = (
				0C4B239114598AD20080D960 /* Debug */,
				0C4B239214598AD20080D960 /* Release */,
			);
			defaultConfigurationIsVisible = 0;
			defaultConfigurationName = Release;
		};
/* End XCConfigurationList section */
	};
	rootObject = 0C4B237314598AD10080D960 /* Project object */;
}
